{
  "version": "5",
  "specifiers": {
    "jsr:@cross/deepmerge@1.0.0": "1.0.0",
    "jsr:@std/fs@1.0.19": "1.0.19",
    "jsr:@std/internal@^1.0.10": "1.0.12",
    "jsr:@std/internal@^1.0.9": "1.0.12",
    "jsr:@std/path@^1.1.1": "1.1.2",
    "jsr:@std/ulid@1.0.0": "1.0.0",
    "npm:@discordeno/bot@22.0.1-next.9393168": "22.0.1-next.9393168",
    "npm:@discordjs/builders@1.12.2": "1.12.2",
    "npm:@leeoniya/ufuzzy@1.0.18": "1.0.18",
    "npm:dd-cache-proxy@2.6.5": "2.6.5_@discordeno+bot@22.0.1-next.9393168"
  },
  "jsr": {
    "@cross/deepmerge@1.0.0": {
      "integrity": "1e1318a74e31ba1959b9aa0acae8bd417b806f74ffd25ac07c90e12f83ad6b1d"
    },
    "@std/fs@1.0.19": {
      "integrity": "051968c2b1eae4d2ea9f79a08a3845740ef6af10356aff43d3e2ef11ed09fb06",
      "dependencies": [
        "jsr:@std/internal@^1.0.9",
        "jsr:@std/path"
      ]
    },
    "@std/internal@1.0.12": {
      "integrity": "972a634fd5bc34b242024402972cd5143eac68d8dffaca5eaa4dba30ce17b027"
    },
    "@std/path@1.1.2": {
      "integrity": "c0b13b97dfe06546d5e16bf3966b1cadf92e1cc83e56ba5476ad8b498d9e3038",
      "dependencies": [
        "jsr:@std/internal@^1.0.10"
      ]
    },
    "@std/ulid@1.0.0": {
      "integrity": "d41c3d27a907714413649fee864b7cde8d42ee68437d22b79d5de4f81d808780"
    }
  },
  "npm": {
    "@discordeno/bot@22.0.1-next.9393168": {
      "integrity": "sha512-XO33DpSLn4ii3J7qIGO8mE5oJchASkNKJbC40HO+U+wvfL/t/ZouU0n+0kXV749uf0SUKZq1m5PMB3s3ghHe0Q==",
      "dependencies": [
        "@discordeno/gateway",
        "@discordeno/rest",
        "@discordeno/types",
        "@discordeno/utils"
      ]
    },
    "@discordeno/gateway@22.0.1-next.9393168": {
      "integrity": "sha512-PCct8UR9R/C0ZTZuIEWTMfatPlkJ+clS5KhiCobqqjX2yDbv5nC2NqeWw/DwiYLW8dlLgRG//71VvKyeSXg4QQ==",
      "dependencies": [
        "@discordeno/types",
        "@discordeno/utils",
        "ws"
      ],
      "optionalDependencies": [
        "fzstd"
      ]
    },
    "@discordeno/rest@22.0.1-next.9393168": {
      "integrity": "sha512-loiaXTOUOEJqy5AXUuirK7KWjEgJyMF4K2T8TMeazNkg08ompcBMdVDozfT0RPYJimb1lPYj1w8L9EEoTWdQxg==",
      "dependencies": [
        "@discordeno/types",
        "@discordeno/utils"
      ]
    },
    "@discordeno/types@22.0.1-next.9393168": {
      "integrity": "sha512-akmtclpweOGeuf6LKKG0R+92Yyas2h2x9mRW/+Hz9BQybRCyhHQr0Cv6DCtuHCtfachlxxUYrdo91ny4mdcXwA=="
    },
    "@discordeno/utils@22.0.1-next.9393168": {
      "integrity": "sha512-Ubmt7h0OrB8Bu0jgwYa8UQKqJ/GJKQ4Qtaw7DYZ0j4fiejQP6HcNFw5cuOHTH9CKk4YFRyFzh0luH1kOgyTftA==",
      "dependencies": [
        "@discordeno/types"
      ]
    },
    "@discordjs/builders@1.12.2": {
      "integrity": "sha512-AugKmrgRJOHXEyMkABH/hXpAmIBKbYokCEl9VAM4Kh6FvkdobQ+Zhv7AR6K+y5hS7+VQ7gKXPYCe1JQmV07H1g==",
      "dependencies": [
        "@discordjs/formatters",
        "@discordjs/util",
        "@sapphire/shapeshift",
        "discord-api-types",
        "fast-deep-equal",
        "ts-mixer",
        "tslib"
      ]
    },
    "@discordjs/formatters@0.6.1": {
      "integrity": "sha512-5cnX+tASiPCqCWtFcFslxBVUaCetB0thvM/JyavhbXInP1HJIEU+Qv/zMrnuwSsX3yWH2lVXNJZeDK3EiP4HHg==",
      "dependencies": [
        "discord-api-types"
      ]
    },
    "@discordjs/util@1.1.1": {
      "integrity": "sha512-eddz6UnOBEB1oITPinyrB2Pttej49M9FZQY8NxgEvc3tq6ZICZ19m70RsmzRdDHk80O9NoYN/25AqJl8vPVf/g=="
    },
    "@leeoniya/ufuzzy@1.0.18": {
      "integrity": "sha512-5D54A86/VaPvJVf7UWJgy+UyhDtstUxq0iQd8UOZ2TG3NjV2oSoa9m4qW3VsotDD6dH2SNHDQwSPq+IAuudnag=="
    },
    "@sapphire/shapeshift@4.0.0": {
      "integrity": "sha512-d9dUmWVA7MMiKobL3VpLF8P2aeanRTu6ypG2OIaEv/ZHH/SUQ2iHOVyi5wAPjQ+HmnMuL0whK9ez8I/raWbtIg==",
      "dependencies": [
        "fast-deep-equal",
        "lodash"
      ]
    },
    "dd-cache-proxy@2.6.5_@discordeno+bot@22.0.1-next.9393168": {
      "integrity": "sha512-qhY+R5r+bpIv0yOQHAJZvECmgNVojj7HAfj+Exn3k0d0qP4DzV58mNl1DJrPFPTw4cayT23FSm4OXIIAJy586g==",
      "dependencies": [
        "@discordeno/bot"
      ]
    },
    "discord-api-types@0.38.29": {
      "integrity": "sha512-+5BfrjLJN1hrrcK0MxDQli6NSv5lQH7Y3/qaOfk9+k7itex8RkA/UcevVMMLe8B4IKIawr4ITBTb2fBB2vDORg=="
    },
    "fast-deep-equal@3.1.3": {
      "integrity": "sha512-f3qQ9oQy9j2AhBe/H9VC91wLmKBCCU/gDOnKNAYG5hswO7BLKj09Hc5HYNz9cGI++xlpDCIgDaitVs03ATR84Q=="
    },
    "fzstd@0.1.1": {
      "integrity": "sha512-dkuVSOKKwh3eas5VkJy1AW1vFpet8TA/fGmVA5krThl8YcOVE/8ZIoEA1+U1vEn5ckxxhLirSdY837azmbaNHA=="
    },
    "lodash@4.17.21": {
      "integrity": "sha512-v2kDEe57lecTulaDIuNTPy3Ry4gLGJ6Z1O3vE1krgXZNrsQ+LFTGHVxVjcXPs17LhbZVGedAJv8XZ1tvj5FvSg=="
    },
    "ts-mixer@6.0.4": {
      "integrity": "sha512-ufKpbmrugz5Aou4wcr5Wc1UUFWOLhq+Fm6qa6P0w0K5Qw2yhaUoiWszhCVuNQyNwrlGiscHOmqYoAox1PtvgjA=="
    },
    "tslib@2.8.1": {
      "integrity": "sha512-oJFu94HQb+KVduSUQL7wnpmqnfmLsOA/nAh6b6EH0wCEoK0/mPeXU6c3wKDV83MkOuHPRHtSXKKU99IBazS/2w=="
    },
    "ws@8.18.3": {
      "integrity": "sha512-PEIGCY5tSlUt50cqyMXfCzX+oOPqN0vuGqWzbcJ2xvnkzkq46oOpz7dQaTDBdfICb4N14+GARUDw2XV2N4tvzg=="
    }
  }
}
